
Microsoft Visual Studio Solution File, Format Version 12.00
# Visual Studio Version 16
VisualStudioVersion = 16.0.32228.343
MinimumVisualStudioVersion = 10.0.40219.1
Project("{FAE04EC0-301F-11D3-BF4B-00C04F79EFBC}") = "WpfBikeShop", "WpfBikeShop.csproj", "{FF189ADF-C7D4-4646-869F-0CE533250452}"
EndProject
Global
	GlobalSection(SolutionConfigurationPlatforms) = preSolution
		Debug|Any CPU = Debug|Any CPU
		Release|Any CPU = Release|Any CPU
	EndGlobalSection
	GlobalSection(ProjectConfigurationPlatforms) = postSolution
		{FF189ADF-C7D4-4646-869F-0CE533250452}.Debug|Any CPU.ActiveCfg = Debug|Any CPU
		{FF189ADF-C7D4-4646-869F-0CE533250452}.Debug|Any CPU.Build.0 = Debug|Any CPU
		{FF189ADF-C7D4-4646-869F-0CE533250452}.Release|Any CPU.ActiveCfg = Release|Any CPU
		{FF189ADF-C7D4-4646-869F-0CE533250452}.Release|Any CPU.Build.0 = Release|Any CPU
	EndGlobalSection
	GlobalSection(SolutionProperties) = preSolution
		HideSolutionNode = FALSE
	EndGlobalSection
	GlobalSection(ExtensibilityGlobals) = postSolution
		SolutionGuid = {AA56D130-58B2-4A92-89B5-85090AEC8972}
	EndGlobalSection
EndGlobal
