
Microsoft Visual Studio Solution File, Format Version 12.00
# Visual Studio Version 16
VisualStudioVersion = 16.0.32228.343
MinimumVisualStudioVersion = 10.0.40219.1
Project("{FAE04EC0-301F-11D3-BF4B-00C04F79EFBC}") = "WpfCaliburmApp", "WpfCaliburmApp.csproj", "{2CE97E77-7FC5-48AF-BF05-8E9820A3F21F}"
EndProject
Global
	GlobalSection(SolutionConfigurationPlatforms) = preSolution
		Debug|Any CPU = Debug|Any CPU
		Release|Any CPU = Release|Any CPU
	EndGlobalSection
	GlobalSection(ProjectConfigurationPlatforms) = postSolution
		{2CE97E77-7FC5-48AF-BF05-8E9820A3F21F}.Debug|Any CPU.ActiveCfg = Debug|Any CPU
		{2CE97E77-7FC5-48AF-BF05-8E9820A3F21F}.Debug|Any CPU.Build.0 = Debug|Any CPU
		{2CE97E77-7FC5-48AF-BF05-8E9820A3F21F}.Release|Any CPU.ActiveCfg = Release|Any CPU
		{2CE97E77-7FC5-48AF-BF05-8E9820A3F21F}.Release|Any CPU.Build.0 = Release|Any CPU
	EndGlobalSection
	GlobalSection(SolutionProperties) = preSolution
		HideSolutionNode = FALSE
	EndGlobalSection
	GlobalSection(ExtensibilityGlobals) = postSolution
		SolutionGuid = {1B901160-73B5-41F9-96AF-D90A7577F019}
	EndGlobalSection
EndGlobal
